
Microsoft Visual Studio Solution File, Format Version 12.00
# Visual Studio 15
VisualStudioVersion = 15.0.28307.329
MinimumVisualStudioVersion = 10.0.40219.1
Project("{9A19103F-16F7-4668-BE54-9A1E7A4F7556}") = "DAL", "DAL\DAL.csproj", "{2C3390A6-91BF-4972-BE5A-D35A6977B400}"
EndProject
Project("{9A19103F-16F7-4668-BE54-9A1E7A4F7556}") = "Core", "Core\Core.csproj", "{498BBA65-B34B-47EA-99EE-9151C88706D4}"
EndProject
Project("{9A19103F-16F7-4668-BE54-9A1E7A4F7556}") = "API", "API\API.csproj", "{DD0693C1-E32B-4900-8837-7EFB5476FC58}"
EndProject
Project("{2150E333-8FDC-42A3-9474-1A3956D46DE8}") = "UnitTest", "UnitTest", "{79CA7463-F5F2-4D59-8B4A-EA09B94B27AF}"
EndProject
Project("{9A19103F-16F7-4668-BE54-9A1E7A4F7556}") = "API.Tests", "API.Tests\API.Tests.csproj", "{3E6A3042-D8B6-4C36-ACCF-0CFEAD97299C}"
EndProject
Project("{FAE04EC0-301F-11D3-BF4B-00C04F79EFBC}") = "Core.Tests", "Core.Tests\Core.Tests.csproj", "{2D59E7B3-A6AA-4ACB-89E8-D9C20160BD16}"
EndProject
Global
	GlobalSection(SolutionConfigurationPlatforms) = preSolution
		Debug|Any CPU = Debug|Any CPU
		Release|Any CPU = Release|Any CPU
	EndGlobalSection
	GlobalSection(ProjectConfigurationPlatforms) = postSolution
		{2C3390A6-91BF-4972-BE5A-D35A6977B400}.Debug|Any CPU.ActiveCfg = Debug|Any CPU
		{2C3390A6-91BF-4972-BE5A-D35A6977B400}.Debug|Any CPU.Build.0 = Debug|Any CPU
		{2C3390A6-91BF-4972-BE5A-D35A6977B400}.Release|Any CPU.ActiveCfg = Release|Any CPU
		{2C3390A6-91BF-4972-BE5A-D35A6977B400}.Release|Any CPU.Build.0 = Release|Any CPU
		{498BBA65-B34B-47EA-99EE-9151C88706D4}.Debug|Any CPU.ActiveCfg = Debug|Any CPU
		{498BBA65-B34B-47EA-99EE-9151C88706D4}.Debug|Any CPU.Build.0 = Debug|Any CPU
		{498BBA65-B34B-47EA-99EE-9151C88706D4}.Release|Any CPU.ActiveCfg = Release|Any CPU
		{498BBA65-B34B-47EA-99EE-9151C88706D4}.Release|Any CPU.Build.0 = Release|Any CPU
		{DD0693C1-E32B-4900-8837-7EFB5476FC58}.Debug|Any CPU.ActiveCfg = Debug|Any CPU
		{DD0693C1-E32B-4900-8837-7EFB5476FC58}.Debug|Any CPU.Build.0 = Debug|Any CPU
		{DD0693C1-E32B-4900-8837-7EFB5476FC58}.Release|Any CPU.ActiveCfg = Release|Any CPU
		{DD0693C1-E32B-4900-8837-7EFB5476FC58}.Release|Any CPU.Build.0 = Release|Any CPU
		{3E6A3042-D8B6-4C36-ACCF-0CFEAD97299C}.Debug|Any CPU.ActiveCfg = Debug|Any CPU
		{3E6A3042-D8B6-4C36-ACCF-0CFEAD97299C}.Debug|Any CPU.Build.0 = Debug|Any CPU
		{3E6A3042-D8B6-4C36-ACCF-0CFEAD97299C}.Release|Any CPU.ActiveCfg = Release|Any CPU
		{3E6A3042-D8B6-4C36-ACCF-0CFEAD97299C}.Release|Any CPU.Build.0 = Release|Any CPU
		{2D59E7B3-A6AA-4ACB-89E8-D9C20160BD16}.Debug|Any CPU.ActiveCfg = Debug|Any CPU
		{2D59E7B3-A6AA-4ACB-89E8-D9C20160BD16}.Debug|Any CPU.Build.0 = Debug|Any CPU
		{2D59E7B3-A6AA-4ACB-89E8-D9C20160BD16}.Release|Any CPU.ActiveCfg = Release|Any CPU
		{2D59E7B3-A6AA-4ACB-89E8-D9C20160BD16}.Release|Any CPU.Build.0 = Release|Any CPU
	EndGlobalSection
	GlobalSection(SolutionProperties) = preSolution
		HideSolutionNode = FALSE
	EndGlobalSection
	GlobalSection(NestedProjects) = preSolution
		{3E6A3042-D8B6-4C36-ACCF-0CFEAD97299C} = {79CA7463-F5F2-4D59-8B4A-EA09B94B27AF}
		{2D59E7B3-A6AA-4ACB-89E8-D9C20160BD16} = {79CA7463-F5F2-4D59-8B4A-EA09B94B27AF}
	EndGlobalSection
	GlobalSection(ExtensibilityGlobals) = postSolution
		SolutionGuid = {97FBBE9D-DA9B-42B8-B87A-530DF842F4E3}
	EndGlobalSection
EndGlobal
